// !$*UTF8*$!
{
	archiveVersion = 1;
	classes = {
	};
	objectVersion = 56;
	objects = {

/* Begin PBXBuildFile section */
		E684263129F8178D00F5EDD3 /* AppDelegate.swift in Sources */ = {isa = PBXBuildFile; fileRef = E684263029F8178D00F5EDD3 /* AppDelegate.swift */; };
		E684263329F8178D00F5EDD3 /* SceneDelegate.swift in Sources */ = {isa = PBXBuildFile; fileRef = E684263229F8178D00F5EDD3 /* SceneDelegate.swift */; };
		E684263529F8178D00F5EDD3 /* ViewController.swift in Sources */ = {isa = PBXBuildFile; fileRef = E684263429F8178D00F5EDD3 /* ViewController.swift */; };
		E684263829F8178D00F5EDD3 /* Main.storyboard in Resources */ = {isa = PBXBuildFile; fileRef = E684263629F8178D00F5EDD3 /* Main.storyboard */; };
		E684263A29F8178E00F5EDD3 /* Assets.xcassets in Resources */ = {isa = PBXBuildFile; fileRef = E684263929F8178E00F5EDD3 /* Assets.xcassets */; };
		E684263D29F8178E00F5EDD3 /* LaunchScreen.storyboard in Resources */ = {isa = PBXBuildFile; fileRef = E684263B29F8178E00F5EDD3 /* LaunchScreen.storyboard */; };
		E684264529F8182800F5EDD3 /* PresentValueViewController.swift in Sources */ = {isa = PBXBuildFile; fileRef = E684264429F8182800F5EDD3 /* PresentValueViewController.swift */; };
		E684264729F8185600F5EDD3 /* FutureValueViewController.swift in Sources */ = {isa = PBXBuildFile; fileRef = E684264629F8185500F5EDD3 /* FutureValueViewController.swift */; };
		E684264929F818CE00F5EDD3 /* MainPageViewController.swift in Sources */ = {isa = PBXBuildFile; fileRef = E684264829F818CE00F5EDD3 /* MainPageViewController.swift */; };
/* End PBXBuildFile section */

/* Begin PBXFileReference section */
		E684262D29F8178D00F5EDD3 /* Financial App.app */ = {isa = PBXFileReference; explicitFileType = wrapper.application; includeInIndex = 0; path = "Financial App.app"; sourceTree = BUILT_PRODUCTS_DIR; };
		E684263029F8178D00F5EDD3 /* AppDelegate.swift */ = {isa = PBXFileReference; lastKnownFileType = sourcecode.swift; path = AppDelegate.swift; sourceTree = "<group>"; };
		E684263229F8178D00F5EDD3 /* SceneDelegate.swift */ = {isa = PBXFileReference; lastKnownFileType = sourcecode.swift; path = SceneDelegate.swift; sourceTree = "<group>"; };
		E684263429F8178D00F5EDD3 /* ViewController.swift */ = {isa = PBXFileReference; lastKnownFileType = sourcecode.swift; path = ViewController.swift; sourceTree = "<group>"; };
		E684263729F8178D00F5EDD3 /* Base */ = {isa = PBXFileReference; lastKnownFileType = file.storyboard; name = Base; path = Base.lproj/Main.storyboard; sourceTree = "<group>"; };
		E684263929F8178E00F5EDD3 /* Assets.xcassets */ = {isa = PBXFileReference; lastKnownFileType = folder.assetcatalog; path = Assets.xcassets; sourceTree = "<group>"; };
		E684263C29F8178E00F5EDD3 /* Base */ = {isa = PBXFileReference; lastKnownFileType = file.storyboard; name = Base; path = Base.lproj/LaunchScreen.storyboard; sourceTree = "<group>"; };
		E684263E29F8178E00F5EDD3 /* Info.plist */ = {isa = PBXFileReference; lastKnownFileType = text.plist.xml; path = Info.plist; sourceTree = "<group>"; };
		E684264429F8182800F5EDD3 /* PresentValueViewController.swift */ = {isa = PBXFileReference; lastKnownFileType = sourcecode.swift; path = PresentValueViewController.swift; sourceTree = "<group>"; };
		E684264629F8185500F5EDD3 /* FutureValueViewController.swift */ = {isa = PBXFileReference; lastKnownFileType = sourcecode.swift; path = FutureValueViewController.swift; sourceTree = "<group>"; };
		E684264829F818CE00F5EDD3 /* MainPageViewController.swift */ = {isa = PBXFileReference; lastKnownFileType = sourcecode.swift; path = MainPageViewController.swift; sourceTree = "<group>"; };
/* End PBXFileReference section */

/* Begin PBXFrameworksBuildPhase section */
		E684262A29F8178D00F5EDD3 /* Frameworks */ = {
			isa = PBXFrameworksBuildPhase;
			buildActionMask = 2147483647;
			files = (
			);
			runOnlyForDeploymentPostprocessing = 0;
		};
/* End PBXFrameworksBuildPhase section */

/* Begin PBXGroup section */
		E684262429F8178C00F5EDD3 = {
			isa = PBXGroup;
			children = (
				E684262F29F8178D00F5EDD3 /* Financial App */,
				E684262E29F8178D00F5EDD3 /* Products */,
			);
			sourceTree = "<group>";
		};
		E684262E29F8178D00F5EDD3 /* Products */ = {
			isa = PBXGroup;
			children = (
				E684262D29F8178D00F5EDD3 /* Financial App.app */,
			);
			name = Products;
			sourceTree = "<group>";
		};
		E684262F29F8178D00F5EDD3 /* Financial App */ = {
			isa = PBXGroup;
			children = (
				E684263029F8178D00F5EDD3 /* AppDelegate.swift */,
				E684263229F8178D00F5EDD3 /* SceneDelegate.swift */,
				E684263429F8178D00F5EDD3 /* ViewController.swift */,
				E684263629F8178D00F5EDD3 /* Main.storyboard */,
				E684264829F818CE00F5EDD3 /* MainPageViewController.swift */,
				E684264629F8185500F5EDD3 /* FutureValueViewController.swift */,
				E684264429F8182800F5EDD3 /* PresentValueViewController.swift */,
				E684263929F8178E00F5EDD3 /* Assets.xcassets */,
				E684263B29F8178E00F5EDD3 /* LaunchScreen.storyboard */,
				E684263E29F8178E00F5EDD3 /* Info.plist */,
			);
			path = "Financial App";
			sourceTree = "<group>";
		};
/* End PBXGroup section */

/* Begin PBXNativeTarget section */
		E684262C29F8178D00F5EDD3 /* Financial App */ = {
			isa = PBXNativeTarget;
			buildConfigurationList = E684264129F8178E00F5EDD3 /* Build configuration list for PBXNativeTarget "Financial App" */;
			buildPhases = (
				E684262929F8178D00F5EDD3 /* Sources */,
				E684262A29F8178D00F5EDD3 /* Frameworks */,
				E684262B29F8178D00F5EDD3 /* Resources */,
			);
			buildRules = (
			);
			dependencies = (
			);
			name = "Financial App";
			productName = "Financial App";
			productReference = E684262D29F8178D00F5EDD3 /* Financial App.app */;
			productType = "com.apple.product-type.application";
		};
/* End PBXNativeTarget section */

/* Begin PBXProject section */
		E684262529F8178C00F5EDD3 /* Project object */ = {
			isa = PBXProject;
			attributes = {
				BuildIndependentTargetsInParallel = 1;
				LastSwiftUpdateCheck = 1430;
				LastUpgradeCheck = 1430;
				TargetAttributes = {
					E684262C29F8178D00F5EDD3 = {
						CreatedOnToolsVersion = 14.3;
					};
				};
			};
			buildConfigurationList = E684262829F8178C00F5EDD3 /* Build configuration list for PBXProject "Financial App" */;
			compatibilityVersion = "Xcode 14.0";
			developmentRegion = en;
			hasScannedForEncodings = 0;
			knownRegions = (
				en,
				Base,
			);
			mainGroup = E684262429F8178C00F5EDD3;
			productRefGroup = E684262E29F8178D00F5EDD3 /* Products */;
			projectDirPath = "";
			projectRoot = "";
			targets = (
				E684262C29F8178D00F5EDD3 /* Financial App */,
			);
		};
/* End PBXProject section */

/* Begin PBXResourcesBuildPhase section */
		E684262B29F8178D00F5EDD3 /* Resources */ = {
			isa = PBXResourcesBuildPhase;
			buildActionMask = 2147483647;
			files = (
				E684263D29F8178E00F5EDD3 /* LaunchScreen.storyboard in Resources */,
				E684263A29F8178E00F5EDD3 /* Assets.xcassets in Resources */,
				E684263829F8178D00F5EDD3 /* Main.storyboard in Resources */,
			);
			runOnlyForDeploymentPostprocessing = 0;
		};
/* End PBXResourcesBuildPhase section */

/* Begin PBXSourcesBuildPhase section */
		E684262929F8178D00F5EDD3 /* Sources */ = {
			isa = PBXSourcesBuildPhase;
			buildActionMask = 2147483647;
			files = (
				E684264529F8182800F5EDD3 /* PresentValueViewController.swift in Sources */,
				E684263529F8178D00F5EDD3 /* ViewController.swift in Sources */,
				E684263129F8178D00F5EDD3 /* AppDelegate.swift in Sources */,
				E684263329F8178D00F5EDD3 /* SceneDelegate.swift in Sources */,
				E684264929F818CE00F5EDD3 /* MainPageViewController.swift in Sources */,
				E684264729F8185600F5EDD3 /* FutureValueViewController.swift in Sources */,
			);
			runOnlyForDeploymentPostprocessing = 0;
		};
/* End PBXSourcesBuildPhase section */

/* Begin PBXVariantGroup section */
		E684263629F8178D00F5EDD3 /* Main.storyboard */ = {
			isa = PBXVariantGroup;
			children = (
				E684263729F8178D00F5EDD3 /* Base */,
			);
			name = Main.storyboard;
			sourceTree = "<group>";
		};
		E684263B29F8178E00F5EDD3 /* LaunchScreen.storyboard */ = {
			isa = PBXVariantGroup;
			children = (
				E684263C29F8178E00F5EDD3 /* Base */,
			);
			name = LaunchScreen.storyboard;
			sourceTree = "<group>";
		};
/* End PBXVariantGroup section */

/* Begin XCBuildConfiguration section */
		E684263F29F8178E00F5EDD3 /* Debug */ = {
			isa = XCBuildConfiguration;
			buildSettings = {
				ALWAYS_SEARCH_USER_PATHS = NO;
				CLANG_ANALYZER_NONNULL = YES;
				CLANG_ANALYZER_NUMBER_OBJECT_CONVERSION = YES_AGGRESSIVE;
				CLANG_CXX_LANGUAGE_STANDARD = "gnu++20";
				CLANG_ENABLE_MODULES = YES;
				CLANG_ENABLE_OBJC_ARC = YES;
				CLANG_ENABLE_OBJC_WEAK = YES;
				CLANG_WARN_BLOCK_CAPTURE_AUTORELEASING = YES;
				CLANG_WARN_BOOL_CONVERSION = YES;
				CLANG_WARN_COMMA = YES;
				CLANG_WARN_CONSTANT_CONVERSION = YES;
				CLANG_WARN_DEPRECATED_OBJC_IMPLEMENTATIONS = YES;
				CLANG_WARN_DIRECT_OBJC_ISA_USAGE = YES_ERROR;
				CLANG_WARN_DOCUMENTATION_COMMENTS = YES;
				CLANG_WARN_EMPTY_BODY = YES;
				CLANG_WARN_ENUM_CONVERSION = YES;
				CLANG_WARN_INFINITE_RECURSION = YES;
				CLANG_WARN_INT_CONVERSION = YES;
				CLANG_WARN_NON_LITERAL_NULL_CONVERSION = YES;
				CLANG_WARN_OBJC_IMPLICIT_RETAIN_SELF = YES;
				CLANG_WARN_OBJC_LITERAL_CONVERSION = YES;
				CLANG_WARN_OBJC_ROOT_CLASS = YES_ERROR;
				CLANG_WARN_QUOTED_INCLUDE_IN_FRAMEWORK_HEADER = YES;
				CLANG_WARN_RANGE_LOOP_ANALYSIS = YES;
				CLANG_WARN_STRICT_PROTOTYPES = YES;
				CLANG_WARN_SUSPICIOUS_MOVE = YES;
				CLANG_WARN_UNGUARDED_AVAILABILITY = YES_AGGRESSIVE;
				CLANG_WARN_UNREACHABLE_CODE = YES;
				CLANG_WARN__DUPLICATE_METHOD_MATCH = YES;
				COPY_PHASE_STRIP = NO;
				DEBUG_INFORMATION_FORMAT = dwarf;
				ENABLE_STRICT_OBJC_MSGSEND = YES;
				ENABLE_TESTABILITY = YES;
				GCC_C_LANGUAGE_STANDARD = gnu11;
				GCC_DYNAMIC_NO_PIC = NO;
				GCC_NO_COMMON_BLOCKS = YES;
				GCC_OPTIMIZATION_LEVEL = 0;
				GCC_PREPROCESSOR_DEFINITIONS = (
					"DEBUG=1",
					"$(inherited)",
				);
				GCC_WARN_64_TO_32_BIT_CONVERSION = YES;
				GCC_WARN_ABOUT_RETURN_TYPE = YES_ERROR;
				GCC_WARN_UNDECLARED_SELECTOR = YES;
				GCC_WARN_UNINITIALIZED_AUTOS = YES_AGGRESSIVE;
				GCC_WARN_UNUSED_FUNCTION = YES;
				GCC_WARN_UNUSED_VARIABLE = YES;
				IPHONEOS_DEPLOYMENT_TARGET = 16.4;
				MTL_ENABLE_DEBUG_INFO = INCLUDE_SOURCE;
				MTL_FAST_MATH = YES;
				ONLY_ACTIVE_ARCH = YES;
				SDKROOT = iphoneos;
				SWIFT_ACTIVE_COMPILATION_CONDITIONS = DEBUG;
				SWIFT_OPTIMIZATION_LEVEL = "-Onone";
			};
			name = Debug;
		};
		E684264029F8178E00F5EDD3 /* Release */ = {
			isa = XCBuildConfiguration;
			buildSettings = {
				ALWAYS_SEARCH_USER_PATHS = NO;
				CLANG_ANALYZER_NONNULL = YES;
				CLANG_ANALYZER_NUMBER_OBJECT_CONVERSION = YES_AGGRESSIVE;
				CLANG_CXX_LANGUAGE_STANDARD = "gnu++20";
				CLANG_ENABLE_MODULES = YES;
				CLANG_ENABLE_OBJC_ARC = YES;
				CLANG_ENABLE_OBJC_WEAK = YES;
				CLANG_WARN_BLOCK_CAPTURE_AUTORELEASING = YES;
				CLANG_WARN_BOOL_CONVERSION = YES;
				CLANG_WARN_COMMA = YES;
				CLANG_WARN_CONSTANT_CONVERSION = YES;
				CLANG_WARN_DEPRECATED_OBJC_IMPLEMENTATIONS = YES;
				CLANG_WARN_DIRECT_OBJC_ISA_USAGE = YES_ERROR;
				CLANG_WARN_DOCUMENTATION_COMMENTS = YES;
				CLANG_WARN_EMPTY_BODY = YES;
				CLANG_WARN_ENUM_CONVERSION = YES;
				CLANG_WARN_INFINITE_RECURSION = YES;
				CLANG_WARN_INT_CONVERSION = YES;
				CLANG_WARN_NON_LITERAL_NULL_CONVERSION = YES;
				CLANG_WARN_OBJC_IMPLICIT_RETAIN_SELF = YES;
				CLANG_WARN_OBJC_LITERAL_CONVERSION = YES;
				CLANG_WARN_OBJC_ROOT_CLASS = YES_ERROR;
				CLANG_WARN_QUOTED_INCLUDE_IN_FRAMEWORK_HEADER = YES;
				CLANG_WARN_RANGE_LOOP_ANALYSIS = YES;
				CLANG_WARN_STRICT_PROTOTYPES = YES;
				CLANG_WARN_SUSPICIOUS_MOVE = YES;
				CLANG_WARN_UNGUARDED_AVAILABILITY = YES_AGGRESSIVE;
				CLANG_WARN_UNREACHABLE_CODE = YES;
				CLANG_WARN__DUPLICATE_METHOD_MATCH = YES;
				COPY_PHASE_STRIP = NO;
				DEBUG_INFORMATION_FORMAT = "dwarf-with-dsym";
				ENABLE_NS_ASSERTIONS = NO;
				ENABLE_STRICT_OBJC_MSGSEND = YES;
				GCC_C_LANGUAGE_STANDARD = gnu11;
				GCC_NO_COMMON_BLOCKS = YES;
				GCC_WARN_64_TO_32_BIT_CONVERSION = YES;
				GCC_WARN_ABOUT_RETURN_TYPE = YES_ERROR;
				GCC_WARN_UNDECLARED_SELECTOR = YES;
				GCC_WARN_UNINITIALIZED_AUTOS = YES_AGGRESSIVE;
				GCC_WARN_UNUSED_FUNCTION = YES;
				GCC_WARN_UNUSED_VARIABLE = YES;
				IPHONEOS_DEPLOYMENT_TARGET = 16.4;
				MTL_ENABLE_DEBUG_INFO = NO;
				MTL_FAST_MATH = YES;
				SDKROOT = iphoneos;
				SWIFT_COMPILATION_MODE = wholemodule;
				SWIFT_OPTIMIZATION_LEVEL = "-O";
				VALIDATE_PRODUCT = YES;
			};
			name = Release;
		};
		E684264229F8178E00F5EDD3 /* Debug */ = {
			isa = XCBuildConfiguration;
			buildSettings = {
				ASSETCATALOG_COMPILER_APPICON_NAME = AppIcon;
				ASSETCATALOG_COMPILER_GLOBAL_ACCENT_COLOR_NAME = AccentColor;
				CODE_SIGN_STYLE = Automatic;
				CURRENT_PROJECT_VERSION = 1;
				GENERATE_INFOPLIST_FILE = YES;
				INFOPLIST_FILE = "Financial App/Info.plist";
				INFOPLIST_KEY_UIApplicationSupportsIndirectInputEvents = YES;
				INFOPLIST_KEY_UILaunchStoryboardName = LaunchScreen;
				INFOPLIST_KEY_UIMainStoryboardFile = Main;
				INFOPLIST_KEY_UISupportedInterfaceOrientations_iPad = "UIInterfaceOrientationPortrait UIInterfaceOrientationPortraitUpsideDown UIInterfaceOrientationLandscapeLeft UIInterfaceOrientationLandscapeRight";
				INFOPLIST_KEY_UISupportedInterfaceOrientations_iPhone = "UIInterfaceOrientationPortrait UIInterfaceOrientationLandscapeLeft UIInterfaceOrientationLandscapeRight";
				LD_RUNPATH_SEARCH_PATHS = (
					"$(inherited)",
					"@executable_path/Frameworks",
				);
				MARKETING_VERSION = 1.0;
				PRODUCT_BUNDLE_IDENTIFIER = "com.example.Financial-App";
				PRODUCT_NAME = "$(TARGET_NAME)";
				SWIFT_EMIT_LOC_STRINGS = YES;
				SWIFT_VERSION = 5.0;
				TARGETED_DEVICE_FAMILY = "1,2";
			};
			name = Debug;
		};
		E684264329F8178E00F5EDD3 /* Release */ = {
			isa = XCBuildConfiguration;
			buildSettings = {
				ASSETCATALOG_COMPILER_APPICON_NAME = AppIcon;
				ASSETCATALOG_COMPILER_GLOBAL_ACCENT_COLOR_NAME = AccentColor;
				CODE_SIGN_STYLE = Automatic;
				CURRENT_PROJECT_VERSION = 1;
				GENERATE_INFOPLIST_FILE = YES;
				INFOPLIST_FILE = "Financial App/Info.plist";
				INFOPLIST_KEY_UIApplicationSupportsIndirectInputEvents = YES;
				INFOPLIST_KEY_UILaunchStoryboardName = LaunchScreen;
				INFOPLIST_KEY_UIMainStoryboardFile = Main;
				INFOPLIST_KEY_UISupportedInterfaceOrientations_iPad = "UIInterfaceOrientationPortrait UIInterfaceOrientationPortraitUpsideDown UIInterfaceOrientationLandscapeLeft UIInterfaceOrientationLandscapeRight";
				INFOPLIST_KEY_UISupportedInterfaceOrientations_iPhone = "UIInterfaceOrientationPortrait UIInterfaceOrientationLandscapeLeft UIInterfaceOrientationLandscapeRight";
				LD_RUNPATH_SEARCH_PATHS = (
					"$(inherited)",
					"@executable_path/Frameworks",
				);
				MARKETING_VERSION = 1.0;
				PRODUCT_BUNDLE_IDENTIFIER = "com.example.Financial-App";
				PRODUCT_NAME = "$(TARGET_NAME)";
				SWIFT_EMIT_LOC_STRINGS = YES;
				SWIFT_VERSION = 5.0;
				TARGETED_DEVICE_FAMILY = "1,2";
			};
			name = Release;
		};
/* End XCBuildConfiguration section */

/* Begin XCConfigurationList section */
		E684262829F8178C00F5EDD3 /* Build configuration list for PBXProject "Financial App" */ = {
			isa = XCConfigurationList;
			buildConfigurations = (
				E684263F29F8178E00F5EDD3 /* Debug */,
				E684264029F8178E00F5EDD3 /* Release */,
			);
			defaultConfigurationIsVisible = 0;
			defaultConfigurationName = Release;
		};
		E684264129F8178E00F5EDD3 /* Build configuration list for PBXNativeTarget "Financial App" */ = {
			isa = XCConfigurationList;
			buildConfigurations = (
				E684264229F8178E00F5EDD3 /* Debug */,
				E684264329F8178E00F5EDD3 /* Release */,
			);
			defaultConfigurationIsVisible = 0;
			defaultConfigurationName = Release;
		};
/* End XCConfigurationList section */
	};
	rootObject = E684262529F8178C00F5EDD3 /* Project object */;
}
